// !$*UTF8*$!
{
	archiveVersion = 1;
	classes = {
	};
	objectVersion = 51;
	objects = {

/* Begin PBXBuildFile section */
		51B3EF6A25FCD9D700827372 /* AppDelegate.swift in Sources */ = {isa = PBXBuildFile; fileRef = 51B3EF6925FCD9D700827372 /* AppDelegate.swift */; };
		51B3EF6C25FCD9D700827372 /* ContentView.swift in Sources */ = {isa = PBXBuildFile; fileRef = 51B3EF6B25FCD9D700827372 /* ContentView.swift */; };
		51B3EF6E25FCD9D700827372 /* Assets.xcassets in Resources */ = {isa = PBXBuildFile; fileRef = 51B3EF6D25FCD9D700827372 /* Assets.xcassets */; };
		51B3EF7125FCD9D700827372 /* Preview Assets.xcassets in Resources */ = {isa = PBXBuildFile; fileRef = 51B3EF7025FCD9D700827372 /* Preview Assets.xcassets */; };
		51B3EF7425FCD9D700827372 /* Main.storyboard in Resources */ = {isa = PBXBuildFile; fileRef = 51B3EF7225FCD9D700827372 /* Main.storyboard */; };
		51B3EF8325FCDA9F00827372 /* MqttClient.swift in Sources */ = {isa = PBXBuildFile; fileRef = 51B3EF8225FCDA9F00827372 /* MqttClient.swift */; };
		846E137B25FFBF8900617CEE /* AppSettings.swift in Sources */ = {isa = PBXBuildFile; fileRef = 846E137A25FFBF8900617CEE /* AppSettings.swift */; };
		846E137E25FFC79E00617CEE /* JenkinsDataManager.swift in Sources */ = {isa = PBXBuildFile; fileRef = 846E137D25FFC79E00617CEE /* JenkinsDataManager.swift */; };
		846E13812602139200617CEE /* DashboardFeeder.swift in Sources */ = {isa = PBXBuildFile; fileRef = 846E13802602139200617CEE /* DashboardFeeder.swift */; };
		86B65B850B85D56D7D7BC506 /* Pods_DashboardFeed.framework in Frameworks */ = {isa = PBXBuildFile; fileRef = 9CF8B1A8F669ACC839E4C7D9 /* Pods_DashboardFeed.framework */; };
/* End PBXBuildFile section */

/* Begin PBXFileReference section */
		51B3EF6625FCD9D700827372 /* DashboardFeed.app */ = {isa = PBXFileReference; explicitFileType = wrapper.application; includeInIndex = 0; path = DashboardFeed.app; sourceTree = BUILT_PRODUCTS_DIR; };
		51B3EF6925FCD9D700827372 /* AppDelegate.swift */ = {isa = PBXFileReference; lastKnownFileType = sourcecode.swift; path = AppDelegate.swift; sourceTree = "<group>"; };
		51B3EF6B25FCD9D700827372 /* ContentView.swift */ = {isa = PBXFileReference; lastKnownFileType = sourcecode.swift; path = ContentView.swift; sourceTree = "<group>"; };
		51B3EF6D25FCD9D700827372 /* Assets.xcassets */ = {isa = PBXFileReference; lastKnownFileType = folder.assetcatalog; path = Assets.xcassets; sourceTree = "<group>"; };
		51B3EF7025FCD9D700827372 /* Preview Assets.xcassets */ = {isa = PBXFileReference; lastKnownFileType = folder.assetcatalog; path = "Preview Assets.xcassets"; sourceTree = "<group>"; };
		51B3EF7325FCD9D700827372 /* Base */ = {isa = PBXFileReference; lastKnownFileType = file.storyboard; name = Base; path = Base.lproj/Main.storyboard; sourceTree = "<group>"; };
		51B3EF7525FCD9D700827372 /* Info.plist */ = {isa = PBXFileReference; lastKnownFileType = text.plist.xml; path = Info.plist; sourceTree = "<group>"; };
		51B3EF7625FCD9D700827372 /* DashboardFeed.entitlements */ = {isa = PBXFileReference; lastKnownFileType = text.plist.entitlements; path = DashboardFeed.entitlements; sourceTree = "<group>"; };
		51B3EF8225FCDA9F00827372 /* MqttClient.swift */ = {isa = PBXFileReference; fileEncoding = 4; lastKnownFileType = sourcecode.swift; path = MqttClient.swift; sourceTree = "<group>"; };
		54827560FE4E0CA20E787F42 /* Pods-DashboardFeed.debug.xcconfig */ = {isa = PBXFileReference; includeInIndex = 1; lastKnownFileType = text.xcconfig; name = "Pods-DashboardFeed.debug.xcconfig"; path = "Target Support Files/Pods-DashboardFeed/Pods-DashboardFeed.debug.xcconfig"; sourceTree = "<group>"; };
		846E137A25FFBF8900617CEE /* AppSettings.swift */ = {isa = PBXFileReference; lastKnownFileType = sourcecode.swift; path = AppSettings.swift; sourceTree = "<group>"; };
		846E137D25FFC79E00617CEE /* JenkinsDataManager.swift */ = {isa = PBXFileReference; lastKnownFileType = sourcecode.swift; path = JenkinsDataManager.swift; sourceTree = "<group>"; };
		846E13802602139200617CEE /* DashboardFeeder.swift */ = {isa = PBXFileReference; lastKnownFileType = sourcecode.swift; path = DashboardFeeder.swift; sourceTree = "<group>"; };
		97EE81D912A2F4005C718F74 /* Pods-DashboardFeed.release.xcconfig */ = {isa = PBXFileReference; includeInIndex = 1; lastKnownFileType = text.xcconfig; name = "Pods-DashboardFeed.release.xcconfig"; path = "Target Support Files/Pods-DashboardFeed/Pods-DashboardFeed.release.xcconfig"; sourceTree = "<group>"; };
		9CF8B1A8F669ACC839E4C7D9 /* Pods_DashboardFeed.framework */ = {isa = PBXFileReference; explicitFileType = wrapper.framework; includeInIndex = 0; path = Pods_DashboardFeed.framework; sourceTree = BUILT_PRODUCTS_DIR; };
/* End PBXFileReference section */

/* Begin PBXFrameworksBuildPhase section */
		51B3EF6325FCD9D700827372 /* Frameworks */ = {
			isa = PBXFrameworksBuildPhase;
			buildActionMask = 2147483647;
			files = (
				86B65B850B85D56D7D7BC506 /* Pods_DashboardFeed.framework in Frameworks */,
			);
			runOnlyForDeploymentPostprocessing = 0;
		};
/* End PBXFrameworksBuildPhase section */

/* Begin PBXGroup section */
		4E93CEBF7B68D4FF86A1C837 /* Pods */ = {
			isa = PBXGroup;
			children = (
				54827560FE4E0CA20E787F42 /* Pods-DashboardFeed.debug.xcconfig */,
				97EE81D912A2F4005C718F74 /* Pods-DashboardFeed.release.xcconfig */,
			);
			path = Pods;
			sourceTree = "<group>";
		};
		51B3EF5D25FCD9D700827372 = {
			isa = PBXGroup;
			children = (
				51B3EF6825FCD9D700827372 /* DashboardFeed */,
				51B3EF6725FCD9D700827372 /* Products */,
				4E93CEBF7B68D4FF86A1C837 /* Pods */,
				A8608084188DA9274C8C30E8 /* Frameworks */,
			);
			sourceTree = "<group>";
		};
		51B3EF6725FCD9D700827372 /* Products */ = {
			isa = PBXGroup;
			children = (
				51B3EF6625FCD9D700827372 /* DashboardFeed.app */,
			);
			name = Products;
			sourceTree = "<group>";
		};
		51B3EF6825FCD9D700827372 /* DashboardFeed */ = {
			isa = PBXGroup;
			children = (
				51B3EF8225FCDA9F00827372 /* MqttClient.swift */,
				51B3EF6925FCD9D700827372 /* AppDelegate.swift */,
				51B3EF6B25FCD9D700827372 /* ContentView.swift */,
				51B3EF6D25FCD9D700827372 /* Assets.xcassets */,
				51B3EF7225FCD9D700827372 /* Main.storyboard */,
				51B3EF7525FCD9D700827372 /* Info.plist */,
				51B3EF7625FCD9D700827372 /* DashboardFeed.entitlements */,
				51B3EF6F25FCD9D700827372 /* Preview Content */,
				846E137A25FFBF8900617CEE /* AppSettings.swift */,
				846E137D25FFC79E00617CEE /* JenkinsDataManager.swift */,
				846E13802602139200617CEE /* DashboardFeeder.swift */,
			);
			path = DashboardFeed;
			sourceTree = "<group>";
		};
		51B3EF6F25FCD9D700827372 /* Preview Content */ = {
			isa = PBXGroup;
			children = (
				51B3EF7025FCD9D700827372 /* Preview Assets.xcassets */,
			);
			path = "Preview Content";
			sourceTree = "<group>";
		};
		A8608084188DA9274C8C30E8 /* Frameworks */ = {
			isa = PBXGroup;
			children = (
				9CF8B1A8F669ACC839E4C7D9 /* Pods_DashboardFeed.framework */,
			);
			name = Frameworks;
			sourceTree = "<group>";
		};
/* End PBXGroup section */

/* Begin PBXNativeTarget section */
		51B3EF6525FCD9D700827372 /* DashboardFeed */ = {
			isa = PBXNativeTarget;
			buildConfigurationList = 51B3EF7925FCD9D700827372 /* Build configuration list for PBXNativeTarget "DashboardFeed" */;
			buildPhases = (
				A2197DC79D7BD70BF7A2CE62 /* [CP] Check Pods Manifest.lock */,
				51B3EF6225FCD9D700827372 /* Sources */,
				51B3EF6325FCD9D700827372 /* Frameworks */,
				51B3EF6425FCD9D700827372 /* Resources */,
				7BADAC14507E97E59B108004 /* [CP] Embed Pods Frameworks */,
			);
			buildRules = (
			);
			dependencies = (
			);
			name = DashboardFeed;
			productName = DashboardFeed;
			productReference = 51B3EF6625FCD9D700827372 /* DashboardFeed.app */;
			productType = "com.apple.product-type.application";
		};
/* End PBXNativeTarget section */

/* Begin PBXProject section */
		51B3EF5E25FCD9D700827372 /* Project object */ = {
			isa = PBXProject;
			attributes = {
				LastSwiftUpdateCheck = 1240;
				LastUpgradeCheck = 1240;
				TargetAttributes = {
					51B3EF6525FCD9D700827372 = {
						CreatedOnToolsVersion = 12.4;
					};
				};
			};
			buildConfigurationList = 51B3EF6125FCD9D700827372 /* Build configuration list for PBXProject "DashboardFeed" */;
			compatibilityVersion = "Xcode 9.3";
			developmentRegion = en;
			hasScannedForEncodings = 0;
			knownRegions = (
				en,
				Base,
			);
			mainGroup = 51B3EF5D25FCD9D700827372;
			productRefGroup = 51B3EF6725FCD9D700827372 /* Products */;
			projectDirPath = "";
			projectRoot = "";
			targets = (
				51B3EF6525FCD9D700827372 /* DashboardFeed */,
			);
		};
/* End PBXProject section */

/* Begin PBXResourcesBuildPhase section */
		51B3EF6425FCD9D700827372 /* Resources */ = {
			isa = PBXResourcesBuildPhase;
			buildActionMask = 2147483647;
			files = (
				51B3EF7425FCD9D700827372 /* Main.storyboard in Resources */,
				51B3EF7125FCD9D700827372 /* Preview Assets.xcassets in Resources */,
				51B3EF6E25FCD9D700827372 /* Assets.xcassets in Resources */,
			);
			runOnlyForDeploymentPostprocessing = 0;
		};
/* End PBXResourcesBuildPhase section */

/* Begin PBXShellScriptBuildPhase section */
		7BADAC14507E97E59B108004 /* [CP] Embed Pods Frameworks */ = {
			isa = PBXShellScriptBuildPhase;
			buildActionMask = 2147483647;
			files = (
			);
			inputFileListPaths = (
				"${PODS_ROOT}/Target Support Files/Pods-DashboardFeed/Pods-DashboardFeed-frameworks-${CONFIGURATION}-input-files.xcfilelist",
			);
			name = "[CP] Embed Pods Frameworks";
			outputFileListPaths = (
				"${PODS_ROOT}/Target Support Files/Pods-DashboardFeed/Pods-DashboardFeed-frameworks-${CONFIGURATION}-output-files.xcfilelist",
			);
			runOnlyForDeploymentPostprocessing = 0;
			shellPath = /bin/sh;
			shellScript = "\"${PODS_ROOT}/Target Support Files/Pods-DashboardFeed/Pods-DashboardFeed-frameworks.sh\"\n";
			showEnvVarsInLog = 0;
		};
		A2197DC79D7BD70BF7A2CE62 /* [CP] Check Pods Manifest.lock */ = {
			isa = PBXShellScriptBuildPhase;
			buildActionMask = 2147483647;
			files = (
			);
			inputFileListPaths = (
			);
			inputPaths = (
				"${PODS_PODFILE_DIR_PATH}/Podfile.lock",
				"${PODS_ROOT}/Manifest.lock",
			);
			name = "[CP] Check Pods Manifest.lock";
			outputFileListPaths = (
			);
			outputPaths = (
				"$(DERIVED_FILE_DIR)/Pods-DashboardFeed-checkManifestLockResult.txt",
			);
			runOnlyForDeploymentPostprocessing = 0;
			shellPath = /bin/sh;
			shellScript = "diff \"${PODS_PODFILE_DIR_PATH}/Podfile.lock\" \"${PODS_ROOT}/Manifest.lock\" > /dev/null\nif [ $? != 0 ] ; then\n    # print error to STDERR\n    echo \"error: The sandbox is not in sync with the Podfile.lock. Run 'pod install' or update your CocoaPods installation.\" >&2\n    exit 1\nfi\n# This output is used by Xcode 'outputs' to avoid re-running this script phase.\necho \"SUCCESS\" > \"${SCRIPT_OUTPUT_FILE_0}\"\n";
			showEnvVarsInLog = 0;
		};
/* End PBXShellScriptBuildPhase section */

/* Begin PBXSourcesBuildPhase section */
		51B3EF6225FCD9D700827372 /* Sources */ = {
			isa = PBXSourcesBuildPhase;
			buildActionMask = 2147483647;
			files = (
				51B3EF6C25FCD9D700827372 /* ContentView.swift in Sources */,
				51B3EF6A25FCD9D700827372 /* AppDelegate.swift in Sources */,
				846E137E25FFC79E00617CEE /* JenkinsDataManager.swift in Sources */,
				846E137B25FFBF8900617CEE /* AppSettings.swift in Sources */,
				51B3EF8325FCDA9F00827372 /* MqttClient.swift in Sources */,
				846E13812602139200617CEE /* DashboardFeeder.swift in Sources */,
			);
			runOnlyForDeploymentPostprocessing = 0;
		};
/* End PBXSourcesBuildPhase section */

/* Begin PBXVariantGroup section */
		51B3EF7225FCD9D700827372 /* Main.storyboard */ = {
			isa = PBXVariantGroup;
			children = (
				51B3EF7325FCD9D700827372 /* Base */,
			);
			name = Main.storyboard;
			sourceTree = "<group>";
		};
/* End PBXVariantGroup section */

/* Begin XCBuildConfiguration section */
		51B3EF7725FCD9D700827372 /* Debug */ = {
			isa = XCBuildConfiguration;
			buildSettings = {
				ALWAYS_SEARCH_USER_PATHS = NO;
				CLANG_ANALYZER_NONNULL = YES;
				CLANG_ANALYZER_NUMBER_OBJECT_CONVERSION = YES_AGGRESSIVE;
				CLANG_CXX_LANGUAGE_STANDARD = "gnu++14";
				CLANG_CXX_LIBRARY = "libc++";
				CLANG_ENABLE_MODULES = YES;
				CLANG_ENABLE_OBJC_ARC = YES;
				CLANG_ENABLE_OBJC_WEAK = YES;
				CLANG_WARN_BLOCK_CAPTURE_AUTORELEASING = YES;
				CLANG_WARN_BOOL_CONVERSION = YES;
				CLANG_WARN_COMMA = YES;
				CLANG_WARN_CONSTANT_CONVERSION = YES;
				CLANG_WARN_DEPRECATED_OBJC_IMPLEMENTATIONS = YES;
				CLANG_WARN_DIRECT_OBJC_ISA_USAGE = YES_ERROR;
				CLANG_WARN_DOCUMENTATION_COMMENTS = YES;
				CLANG_WARN_EMPTY_BODY = YES;
				CLANG_WARN_ENUM_CONVERSION = YES;
				CLANG_WARN_INFINITE_RECURSION = YES;
				CLANG_WARN_INT_CONVERSION = YES;
				CLANG_WARN_NON_LITERAL_NULL_CONVERSION = YES;
				CLANG_WARN_OBJC_IMPLICIT_RETAIN_SELF = YES;
				CLANG_WARN_OBJC_LITERAL_CONVERSION = YES;
				CLANG_WARN_OBJC_ROOT_CLASS = YES_ERROR;
				CLANG_WARN_QUOTED_INCLUDE_IN_FRAMEWORK_HEADER = YES;
				CLANG_WARN_RANGE_LOOP_ANALYSIS = YES;
				CLANG_WARN_STRICT_PROTOTYPES = YES;
				CLANG_WARN_SUSPICIOUS_MOVE = YES;
				CLANG_WARN_UNGUARDED_AVAILABILITY = YES_AGGRESSIVE;
				CLANG_WARN_UNREACHABLE_CODE = YES;
				CLANG_WARN__DUPLICATE_METHOD_MATCH = YES;
				COPY_PHASE_STRIP = NO;
				DEBUG_INFORMATION_FORMAT = dwarf;
				ENABLE_STRICT_OBJC_MSGSEND = YES;
				ENABLE_TESTABILITY = YES;
				GCC_C_LANGUAGE_STANDARD = gnu11;
				GCC_DYNAMIC_NO_PIC = NO;
				GCC_NO_COMMON_BLOCKS = YES;
				GCC_OPTIMIZATION_LEVEL = 0;
				GCC_PREPROCESSOR_DEFINITIONS = (
					"DEBUG=1",
					"$(inherited)",
				);
				GCC_WARN_64_TO_32_BIT_CONVERSION = YES;
				GCC_WARN_ABOUT_RETURN_TYPE = YES_ERROR;
				GCC_WARN_UNDECLARED_SELECTOR = YES;
				GCC_WARN_UNINITIALIZED_AUTOS = YES_AGGRESSIVE;
				GCC_WARN_UNUSED_FUNCTION = YES;
				GCC_WARN_UNUSED_VARIABLE = YES;
				MACOSX_DEPLOYMENT_TARGET = 11.1;
				MTL_ENABLE_DEBUG_INFO = INCLUDE_SOURCE;
				MTL_FAST_MATH = YES;
				ONLY_ACTIVE_ARCH = YES;
				SDKROOT = macosx;
				SWIFT_ACTIVE_COMPILATION_CONDITIONS = DEBUG;
				SWIFT_OPTIMIZATION_LEVEL = "-Onone";
			};
			name = Debug;
		};
		51B3EF7825FCD9D700827372 /* Release */ = {
			isa = XCBuildConfiguration;
			buildSettings = {
				ALWAYS_SEARCH_USER_PATHS = NO;
				CLANG_ANALYZER_NONNULL = YES;
				CLANG_ANALYZER_NUMBER_OBJECT_CONVERSION = YES_AGGRESSIVE;
				CLANG_CXX_LANGUAGE_STANDARD = "gnu++14";
				CLANG_CXX_LIBRARY = "libc++";
				CLANG_ENABLE_MODULES = YES;
				CLANG_ENABLE_OBJC_ARC = YES;
				CLANG_ENABLE_OBJC_WEAK = YES;
				CLANG_WARN_BLOCK_CAPTURE_AUTORELEASING = YES;
				CLANG_WARN_BOOL_CONVERSION = YES;
				CLANG_WARN_COMMA = YES;
				CLANG_WARN_CONSTANT_CONVERSION = YES;
				CLANG_WARN_DEPRECATED_OBJC_IMPLEMENTATIONS = YES;
				CLANG_WARN_DIRECT_OBJC_ISA_USAGE = YES_ERROR;
				CLANG_WARN_DOCUMENTATION_COMMENTS = YES;
				CLANG_WARN_EMPTY_BODY = YES;
				CLANG_WARN_ENUM_CONVERSION = YES;
				CLANG_WARN_INFINITE_RECURSION = YES;
				CLANG_WARN_INT_CONVERSION = YES;
				CLANG_WARN_NON_LITERAL_NULL_CONVERSION = YES;
				CLANG_WARN_OBJC_IMPLICIT_RETAIN_SELF = YES;
				CLANG_WARN_OBJC_LITERAL_CONVERSION = YES;
				CLANG_WARN_OBJC_ROOT_CLASS = YES_ERROR;
				CLANG_WARN_QUOTED_INCLUDE_IN_FRAMEWORK_HEADER = YES;
				CLANG_WARN_RANGE_LOOP_ANALYSIS = YES;
				CLANG_WARN_STRICT_PROTOTYPES = YES;
				CLANG_WARN_SUSPICIOUS_MOVE = YES;
				CLANG_WARN_UNGUARDED_AVAILABILITY = YES_AGGRESSIVE;
				CLANG_WARN_UNREACHABLE_CODE = YES;
				CLANG_WARN__DUPLICATE_METHOD_MATCH = YES;
				COPY_PHASE_STRIP = NO;
				DEBUG_INFORMATION_FORMAT = "dwarf-with-dsym";
				ENABLE_NS_ASSERTIONS = NO;
				ENABLE_STRICT_OBJC_MSGSEND = YES;
				GCC_C_LANGUAGE_STANDARD = gnu11;
				GCC_NO_COMMON_BLOCKS = YES;
				GCC_WARN_64_TO_32_BIT_CONVERSION = YES;
				GCC_WARN_ABOUT_RETURN_TYPE = YES_ERROR;
				GCC_WARN_UNDECLARED_SELECTOR = YES;
				GCC_WARN_UNINITIALIZED_AUTOS = YES_AGGRESSIVE;
				GCC_WARN_UNUSED_FUNCTION = YES;
				GCC_WARN_UNUSED_VARIABLE = YES;
				MACOSX_DEPLOYMENT_TARGET = 11.1;
				MTL_ENABLE_DEBUG_INFO = NO;
				MTL_FAST_MATH = YES;
				SDKROOT = macosx;
				SWIFT_COMPILATION_MODE = wholemodule;
				SWIFT_OPTIMIZATION_LEVEL = "-O";
			};
			name = Release;
		};
		51B3EF7A25FCD9D700827372 /* Debug */ = {
			isa = XCBuildConfiguration;
			baseConfigurationReference = 54827560FE4E0CA20E787F42 /* Pods-DashboardFeed.debug.xcconfig */;
			buildSettings = {
				ASSETCATALOG_COMPILER_APPICON_NAME = AppIcon;
				ASSETCATALOG_COMPILER_GLOBAL_ACCENT_COLOR_NAME = AccentColor;
				CODE_SIGN_ENTITLEMENTS = DashboardFeed/DashboardFeed.entitlements;
				CODE_SIGN_STYLE = Automatic;
				COMBINE_HIDPI_IMAGES = YES;
				DEVELOPMENT_ASSET_PATHS = "\"DashboardFeed/Preview Content\"";
				ENABLE_PREVIEWS = YES;
				INFOPLIST_FILE = DashboardFeed/Info.plist;
				LD_RUNPATH_SEARCH_PATHS = (
					"$(inherited)",
					"@executable_path/../Frameworks",
				);
				MACOSX_DEPLOYMENT_TARGET = 10.15;
				PRODUCT_BUNDLE_IDENTIFIER = nl.mwict.DashboardFeed;
				PRODUCT_NAME = "$(TARGET_NAME)";
				SWIFT_VERSION = 5.0;
			};
			name = Debug;
		};
		51B3EF7B25FCD9D700827372 /* Release */ = {
			isa = XCBuildConfiguration;
			baseConfigurationReference = 97EE81D912A2F4005C718F74 /* Pods-DashboardFeed.release.xcconfig */;
			buildSettings = {
				ASSETCATALOG_COMPILER_APPICON_NAME = AppIcon;
				ASSETCATALOG_COMPILER_GLOBAL_ACCENT_COLOR_NAME = AccentColor;
				CODE_SIGN_ENTITLEMENTS = DashboardFeed/DashboardFeed.entitlements;
				CODE_SIGN_STYLE = Automatic;
				COMBINE_HIDPI_IMAGES = YES;
				DEVELOPMENT_ASSET_PATHS = "\"DashboardFeed/Preview Content\"";
				ENABLE_PREVIEWS = YES;
				INFOPLIST_FILE = DashboardFeed/Info.plist;
				LD_RUNPATH_SEARCH_PATHS = (
					"$(inherited)",
					"@executable_path/../Frameworks",
				);
				MACOSX_DEPLOYMENT_TARGET = 10.15;
				PRODUCT_BUNDLE_IDENTIFIER = nl.mwict.DashboardFeed;
				PRODUCT_NAME = "$(TARGET_NAME)";
				SWIFT_VERSION = 5.0;
			};
			name = Release;
		};
/* End XCBuildConfiguration section */

/* Begin XCConfigurationList section */
		51B3EF6125FCD9D700827372 /* Build configuration list for PBXProject "DashboardFeed" */ = {
			isa = XCConfigurationList;
			buildConfigurations = (
				51B3EF7725FCD9D700827372 /* Debug */,
				51B3EF7825FCD9D700827372 /* Release */,
			);
			defaultConfigurationIsVisible = 0;
			defaultConfigurationName = Release;
		};
		51B3EF7925FCD9D700827372 /* Build configuration list for PBXNativeTarget "DashboardFeed" */ = {
			isa = XCConfigurationList;
			buildConfigurations = (
				51B3EF7A25FCD9D700827372 /* Debug */,
				51B3EF7B25FCD9D700827372 /* Release */,
			);
			defaultConfigurationIsVisible = 0;
			defaultConfigurationName = Release;
		};
/* End XCConfigurationList section */
	};
	rootObject = 51B3EF5E25FCD9D700827372 /* Project object */;
}
